
Microsoft Visual Studio Solution File, Format Version 12.00
# Visual Studio Version 17
VisualStudioVersion = 17.13.35931.197 d17.13
MinimumVisualStudioVersion = 10.0.40219.1
Project("{FAE04EC0-301F-11D3-BF4B-00C04F79EFBC}") = "lab10", "lab10\lab10.csproj", "{8C9F6898-994E-4FDC-BB44-3BF924B6C4CF}"
EndProject
Global
	GlobalSection(SolutionConfigurationPlatforms) = preSolution
		Debug|Any CPU = Debug|Any CPU
		Release|Any CPU = Release|Any CPU
	EndGlobalSection
	GlobalSection(ProjectConfigurationPlatforms) = postSolution
		{8C9F6898-994E-4FDC-BB44-3BF924B6C4CF}.Debug|Any CPU.ActiveCfg = Debug|Any CPU
		{8C9F6898-994E-4FDC-BB44-3BF924B6C4CF}.Debug|Any CPU.Build.0 = Debug|Any CPU
		{8C9F6898-994E-4FDC-BB44-3BF924B6C4CF}.Release|Any CPU.ActiveCfg = Release|Any CPU
		{8C9F6898-994E-4FDC-BB44-3BF924B6C4CF}.Release|Any CPU.Build.0 = Release|Any CPU
	EndGlobalSection
	GlobalSection(SolutionProperties) = preSolution
		HideSolutionNode = FALSE
	EndGlobalSection
	GlobalSection(ExtensibilityGlobals) = postSolution
		SolutionGuid = {858510C1-4538-4360-B3E5-50B4735679DE}
	EndGlobalSection
EndGlobal
