
Microsoft Visual Studio Solution File, Format Version 12.00
# Visual Studio Version 17
VisualStudioVersion = 17.13.35931.197 d17.13
MinimumVisualStudioVersion = 10.0.40219.1
Project("{FAE04EC0-301F-11D3-BF4B-00C04F79EFBC}") = "LAB12_FINAL", "LAB12_FINAL\LAB12_FINAL.csproj", "{68D3A366-39E6-424E-A3BD-436BF515524E}"
EndProject
Global
	GlobalSection(SolutionConfigurationPlatforms) = preSolution
		Debug|Any CPU = Debug|Any CPU
		Release|Any CPU = Release|Any CPU
	EndGlobalSection
	GlobalSection(ProjectConfigurationPlatforms) = postSolution
		{68D3A366-39E6-424E-A3BD-436BF515524E}.Debug|Any CPU.ActiveCfg = Debug|Any CPU
		{68D3A366-39E6-424E-A3BD-436BF515524E}.Debug|Any CPU.Build.0 = Debug|Any CPU
		{68D3A366-39E6-424E-A3BD-436BF515524E}.Release|Any CPU.ActiveCfg = Release|Any CPU
		{68D3A366-39E6-424E-A3BD-436BF515524E}.Release|Any CPU.Build.0 = Release|Any CPU
	EndGlobalSection
	GlobalSection(SolutionProperties) = preSolution
		HideSolutionNode = FALSE
	EndGlobalSection
	GlobalSection(ExtensibilityGlobals) = postSolution
		SolutionGuid = {749972CF-9A64-49BC-964C-CF4B75CAB83B}
	EndGlobalSection
EndGlobal
