
Microsoft Visual Studio Solution File, Format Version 12.00
# Visual Studio Version 17
VisualStudioVersion = 17.13.35931.197
MinimumVisualStudioVersion = 10.0.40219.1
Project("{FAE04EC0-301F-11D3-BF4B-00C04F79EFBC}") = "ThucHanh1", "ThucHanh1\ThucHanh1.csproj", "{44485345-E391-4A5F-BC10-47BE750E5C77}"
EndProject
Global
	GlobalSection(SolutionConfigurationPlatforms) = preSolution
		Debug|Any CPU = Debug|Any CPU
		Release|Any CPU = Release|Any CPU
	EndGlobalSection
	GlobalSection(ProjectConfigurationPlatforms) = postSolution
		{44485345-E391-4A5F-BC10-47BE750E5C77}.Debug|Any CPU.ActiveCfg = Debug|Any CPU
		{44485345-E391-4A5F-BC10-47BE750E5C77}.Debug|Any CPU.Build.0 = Debug|Any CPU
		{44485345-E391-4A5F-BC10-47BE750E5C77}.Release|Any CPU.ActiveCfg = Release|Any CPU
		{44485345-E391-4A5F-BC10-47BE750E5C77}.Release|Any CPU.Build.0 = Release|Any CPU
	EndGlobalSection
	GlobalSection(SolutionProperties) = preSolution
		HideSolutionNode = FALSE
	EndGlobalSection
	GlobalSection(ExtensibilityGlobals) = postSolution
		SolutionGuid = {A23A72BB-93E8-4352-853D-7F1CA58ADD60}
	EndGlobalSection
EndGlobal
